{
  "requires": true,
  "lockfileVersion": 1,
  "dependencies": {
    "sweetalert2": {
      "version": "6.11.4",
      "resolved": "https://registry.npmjs.org/sweetalert2/-/sweetalert2-6.11.4.tgz",
      "integrity": "sha512-ZwJv8UbyyHVkJmEkVXaOTkItBTZYUYgZ9XpgAIaxJLZ/SabqnpDIQT2PpOb/2qpKc7Rxs0Je/IaGi/NZh0/JPg=="
    }
  }
}
